
Microsoft Visual Studio Solution File, Format Version 12.00
# Visual Studio Version 16
VisualStudioVersion = 16.0.31729.503
MinimumVisualStudioVersion = 10.0.40219.1
Project("{8BC9CEB8-8B4A-11D0-8D11-00A0C91BC942}") = "Zelencky", "Zelencky\Zelencky.vcxproj", "{B9D5E615-080D-4129-98AE-B951BD75617F}"
EndProject
Global
	GlobalSection(SolutionConfigurationPlatforms) = preSolution
		Debug|x64 = Debug|x64
		Debug|x86 = Debug|x86
		Release|x64 = Release|x64
		Release|x86 = Release|x86
	EndGlobalSection
	GlobalSection(ProjectConfigurationPlatforms) = postSolution
		{B9D5E615-080D-4129-98AE-B951BD75617F}.Debug|x64.ActiveCfg = Debug|x64
		{B9D5E615-080D-4129-98AE-B951BD75617F}.Debug|x64.Build.0 = Debug|x64
		{B9D5E615-080D-4129-98AE-B951BD75617F}.Debug|x86.ActiveCfg = Debug|Win32
		{B9D5E615-080D-4129-98AE-B951BD75617F}.Debug|x86.Build.0 = Debug|Win32
		{B9D5E615-080D-4129-98AE-B951BD75617F}.Release|x64.ActiveCfg = Release|x64
		{B9D5E615-080D-4129-98AE-B951BD75617F}.Release|x64.Build.0 = Release|x64
		{B9D5E615-080D-4129-98AE-B951BD75617F}.Release|x86.ActiveCfg = Release|Win32
		{B9D5E615-080D-4129-98AE-B951BD75617F}.Release|x86.Build.0 = Release|Win32
	EndGlobalSection
	GlobalSection(SolutionProperties) = preSolution
		HideSolutionNode = FALSE
	EndGlobalSection
	GlobalSection(ExtensibilityGlobals) = postSolution
		SolutionGuid = {61941380-728A-4338-A59C-CD00796E3430}
	EndGlobalSection
EndGlobal
